{
    "version": 3,
    "terraform_version": "0.11.1",
    "serial": 4,
    "lineage": "d3ca3f26-08eb-4ef3-af68-8f74147fa408",
    "modules": [
        {
            "path": [
                "root"
            ],
            "outputs": {
                "database_name": {
                    "sensitive": false,
                    "type": "string",
                    "value": "mysqldatabase"
                },
                "sql_server_fqdn": {
                    "sensitive": false,
                    "type": "string",
                    "value": "rg1-sqlsvr.database.windows.net"
                }
            },
            "resources": {
                "azurerm_resource_group.rg": {
                    "type": "azurerm_resource_group",
                    "depends_on": [],
                    "primary": {
                        "id": "/subscriptions/3676b5a5-fcf8-42f6-9d1d-f63ab9724241/resourceGroups/rg1",
                        "attributes": {
                            "id": "/subscriptions/3676b5a5-fcf8-42f6-9d1d-f63ab9724241/resourceGroups/rg1",
                            "location": "southcentralus",
                            "name": "rg1",
                            "tags.%": "0"
                        },
                        "meta": {},
                        "tainted": false
                    },
                    "deposed": [],
                    "provider": "provider.azurerm"
                },
                "azurerm_sql_database.db": {
                    "type": "azurerm_sql_database",
                    "depends_on": [
                        "azurerm_resource_group.rg",
                        "azurerm_sql_server.server"
                    ],
                    "primary": {
                        "id": "/subscriptions/3676b5a5-fcf8-42f6-9d1d-f63ab9724241/resourceGroups/rg1/providers/Microsoft.Sql/servers/rg1-sqlsvr/databases/mysqldatabase",
                        "attributes": {
                            "collation": "SQL_Latin1_General_CP1_CI_AS",
                            "create_mode": "Default",
                            "creation_date": "2017-12-27T04:52:56.347Z",
                            "default_secondary_location": "North Central US",
                            "edition": "Basic",
                            "elastic_pool_name": "",
                            "encryption": "",
                            "id": "/subscriptions/3676b5a5-fcf8-42f6-9d1d-f63ab9724241/resourceGroups/rg1/providers/Microsoft.Sql/servers/rg1-sqlsvr/databases/mysqldatabase",
                            "location": "southcentralus",
                            "max_size_bytes": "2147483648",
                            "name": "mysqldatabase",
                            "requested_service_objective_id": "dd6d99bb-f193-4ec1-86f2-43d3bccbc49c",
                            "requested_service_objective_name": "Basic",
                            "resource_group_name": "rg1",
                            "server_name": "rg1-sqlsvr",
                            "tags.%": "0"
                        },
                        "meta": {},
                        "tainted": false
                    },
                    "deposed": [],
                    "provider": "provider.azurerm"
                },
                "azurerm_sql_firewall_rule.fw": {
                    "type": "azurerm_sql_firewall_rule",
                    "depends_on": [
                        "azurerm_resource_group.rg",
                        "azurerm_sql_server.server"
                    ],
                    "primary": {
                        "id": "/subscriptions/3676b5a5-fcf8-42f6-9d1d-f63ab9724241/resourceGroups/rg1/providers/Microsoft.Sql/servers/rg1-sqlsvr/firewallRules/firewallrules",
                        "attributes": {
                            "end_ip_address": "0.0.0.0",
                            "id": "/subscriptions/3676b5a5-fcf8-42f6-9d1d-f63ab9724241/resourceGroups/rg1/providers/Microsoft.Sql/servers/rg1-sqlsvr/firewallRules/firewallrules",
                            "name": "firewallrules",
                            "resource_group_name": "rg1",
                            "server_name": "rg1-sqlsvr",
                            "start_ip_address": "0.0.0.0"
                        },
                        "meta": {},
                        "tainted": false
                    },
                    "deposed": [],
                    "provider": "provider.azurerm"
                },
                "azurerm_sql_server.server": {
                    "type": "azurerm_sql_server",
                    "depends_on": [
                        "azurerm_resource_group.rg"
                    ],
                    "primary": {
                        "id": "/subscriptions/3676b5a5-fcf8-42f6-9d1d-f63ab9724241/resourceGroups/rg1/providers/Microsoft.Sql/servers/rg1-sqlsvr",
                        "attributes": {
                            "administrator_login": "vikram",
                            "administrator_login_password": "KunjalAnsh@01",
                            "fully_qualified_domain_name": "rg1-sqlsvr.database.windows.net",
                            "id": "/subscriptions/3676b5a5-fcf8-42f6-9d1d-f63ab9724241/resourceGroups/rg1/providers/Microsoft.Sql/servers/rg1-sqlsvr",
                            "location": "southcentralus",
                            "name": "rg1-sqlsvr",
                            "resource_group_name": "rg1",
                            "tags.%": "0",
                            "version": "12.0"
                        },
                        "meta": {},
                        "tainted": false
                    },
                    "deposed": [],
                    "provider": "provider.azurerm"
                }
            },
            "depends_on": []
        }
    ]
}
